// !$*UTF8*$!
{
	archiveVersion = 1;
	classes = {
	};
	objectVersion = 56;
	objects = {

/* Begin PBXBuildFile section */
		BFA0E8D22BDB95D80012F66C /* FileListViewController+NSTableViewDelegate.m in Sources */ = {isa = PBXBuildFile; fileRef = BFA0E8CF2BDB95D80012F66C /* FileListViewController+NSTableViewDelegate.m */; };
		BFA0E8D52BDB99B00012F66C /* FileListViewController+NSTableViewDataSource.m in Sources */ = {isa = PBXBuildFile; fileRef = BFA0E8D42BDB99B00012F66C /* FileListViewController+NSTableViewDataSource.m */; };
		BFAA306F2BD9A7BD002A1E70 /* AppDelegate.m in Sources */ = {isa = PBXBuildFile; fileRef = BFAA306E2BD9A7BD002A1E70 /* AppDelegate.m */; };
		BFAA30722BD9A7BD002A1E70 /* ViewController.m in Sources */ = {isa = PBXBuildFile; fileRef = BFAA30712BD9A7BD002A1E70 /* ViewController.m */; };
		BFAA30742BD9A7C0002A1E70 /* Assets.xcassets in Resources */ = {isa = PBXBuildFile; fileRef = BFAA30732BD9A7C0002A1E70 /* Assets.xcassets */; };
		BFAA30772BD9A7C0002A1E70 /* Base in Resources */ = {isa = PBXBuildFile; fileRef = BFAA30762BD9A7C0002A1E70 /* Base */; };
		BFAA30792BD9A7C0002A1E70 /* main.m in Sources */ = {isa = PBXBuildFile; fileRef = BFAA30782BD9A7C0002A1E70 /* main.m */; };
		BFAA30822BD9A90A002A1E70 /* TotalCommanderViewController.m in Sources */ = {isa = PBXBuildFile; fileRef = BFAA30812BD9A90A002A1E70 /* TotalCommanderViewController.m */; };
		BFAA30892BDA2719002A1E70 /* PanelViewController.m in Sources */ = {isa = PBXBuildFile; fileRef = BFAA30882BDA2719002A1E70 /* PanelViewController.m */; };
		BFAA30912BDA2D95002A1E70 /* FileListViewController.m in Sources */ = {isa = PBXBuildFile; fileRef = BFAA30902BDA2D95002A1E70 /* FileListViewController.m */; };
		BFAA30942BDA499F002A1E70 /* FileViewData.m in Sources */ = {isa = PBXBuildFile; fileRef = BFAA30932BDA499F002A1E70 /* FileViewData.m */; };
		BFAA30972BDA5F00002A1E70 /* TextCellView.m in Sources */ = {isa = PBXBuildFile; fileRef = BFAA30962BDA5F00002A1E70 /* TextCellView.m */; };
/* End PBXBuildFile section */

/* Begin PBXFileReference section */
		BFA0E8CE2BDB95D80012F66C /* FileListViewController+NSTableViewDelegate.h */ = {isa = PBXFileReference; lastKnownFileType = sourcecode.c.h; path = "FileListViewController+NSTableViewDelegate.h"; sourceTree = "<group>"; };
		BFA0E8CF2BDB95D80012F66C /* FileListViewController+NSTableViewDelegate.m */ = {isa = PBXFileReference; lastKnownFileType = sourcecode.c.objc; path = "FileListViewController+NSTableViewDelegate.m"; sourceTree = "<group>"; };
		BFA0E8D32BDB999F0012F66C /* FileListViewController+NSTableViewDataSource.h */ = {isa = PBXFileReference; fileEncoding = 4; lastKnownFileType = sourcecode.c.h; path = "FileListViewController+NSTableViewDataSource.h"; sourceTree = "<group>"; };
		BFA0E8D42BDB99B00012F66C /* FileListViewController+NSTableViewDataSource.m */ = {isa = PBXFileReference; fileEncoding = 4; lastKnownFileType = sourcecode.c.objc; path = "FileListViewController+NSTableViewDataSource.m"; sourceTree = "<group>"; };
		BFAA306A2BD9A7BD002A1E70 /* objc-total-commander.app */ = {isa = PBXFileReference; explicitFileType = wrapper.application; includeInIndex = 0; path = "objc-total-commander.app"; sourceTree = BUILT_PRODUCTS_DIR; };
		BFAA306D2BD9A7BD002A1E70 /* AppDelegate.h */ = {isa = PBXFileReference; lastKnownFileType = sourcecode.c.h; path = AppDelegate.h; sourceTree = "<group>"; };
		BFAA306E2BD9A7BD002A1E70 /* AppDelegate.m */ = {isa = PBXFileReference; lastKnownFileType = sourcecode.c.objc; path = AppDelegate.m; sourceTree = "<group>"; };
		BFAA30702BD9A7BD002A1E70 /* ViewController.h */ = {isa = PBXFileReference; lastKnownFileType = sourcecode.c.h; path = ViewController.h; sourceTree = "<group>"; };
		BFAA30712BD9A7BD002A1E70 /* ViewController.m */ = {isa = PBXFileReference; lastKnownFileType = sourcecode.c.objc; path = ViewController.m; sourceTree = "<group>"; };
		BFAA30732BD9A7C0002A1E70 /* Assets.xcassets */ = {isa = PBXFileReference; lastKnownFileType = folder.assetcatalog; path = Assets.xcassets; sourceTree = "<group>"; };
		BFAA30762BD9A7C0002A1E70 /* Base */ = {isa = PBXFileReference; lastKnownFileType = file.storyboard; name = Base; path = Base.lproj/Main.storyboard; sourceTree = "<group>"; };
		BFAA30782BD9A7C0002A1E70 /* main.m */ = {isa = PBXFileReference; lastKnownFileType = sourcecode.c.objc; path = main.m; sourceTree = "<group>"; };
		BFAA307A2BD9A7C0002A1E70 /* objc_total_commander.entitlements */ = {isa = PBXFileReference; lastKnownFileType = text.plist.entitlements; path = objc_total_commander.entitlements; sourceTree = "<group>"; };
		BFAA30802BD9A90A002A1E70 /* TotalCommanderViewController.h */ = {isa = PBXFileReference; lastKnownFileType = sourcecode.c.h; path = TotalCommanderViewController.h; sourceTree = "<group>"; };
		BFAA30812BD9A90A002A1E70 /* TotalCommanderViewController.m */ = {isa = PBXFileReference; lastKnownFileType = sourcecode.c.objc; path = TotalCommanderViewController.m; sourceTree = "<group>"; };
		BFAA30872BDA2719002A1E70 /* PanelViewController.h */ = {isa = PBXFileReference; lastKnownFileType = sourcecode.c.h; path = PanelViewController.h; sourceTree = "<group>"; };
		BFAA30882BDA2719002A1E70 /* PanelViewController.m */ = {isa = PBXFileReference; lastKnownFileType = sourcecode.c.objc; path = PanelViewController.m; sourceTree = "<group>"; };
		BFAA308F2BDA2D95002A1E70 /* FileListViewController.h */ = {isa = PBXFileReference; lastKnownFileType = sourcecode.c.h; path = FileListViewController.h; sourceTree = "<group>"; };
		BFAA30902BDA2D95002A1E70 /* FileListViewController.m */ = {isa = PBXFileReference; lastKnownFileType = sourcecode.c.objc; path = FileListViewController.m; sourceTree = "<group>"; };
		BFAA30922BDA499F002A1E70 /* FileViewData.h */ = {isa = PBXFileReference; lastKnownFileType = sourcecode.c.h; path = FileViewData.h; sourceTree = "<group>"; };
		BFAA30932BDA499F002A1E70 /* FileViewData.m */ = {isa = PBXFileReference; lastKnownFileType = sourcecode.c.objc; path = FileViewData.m; sourceTree = "<group>"; };
		BFAA30952BDA5F00002A1E70 /* TextCellView.h */ = {isa = PBXFileReference; lastKnownFileType = sourcecode.c.h; path = TextCellView.h; sourceTree = "<group>"; };
		BFAA30962BDA5F00002A1E70 /* TextCellView.m */ = {isa = PBXFileReference; lastKnownFileType = sourcecode.c.objc; path = TextCellView.m; sourceTree = "<group>"; };
/* End PBXFileReference section */

/* Begin PBXFrameworksBuildPhase section */
		BFAA30672BD9A7BD002A1E70 /* Frameworks */ = {
			isa = PBXFrameworksBuildPhase;
			buildActionMask = 2147483647;
			files = (
			);
			runOnlyForDeploymentPostprocessing = 0;
		};
/* End PBXFrameworksBuildPhase section */

/* Begin PBXGroup section */
		BFA0E8CD2BDB95350012F66C /* FileList */ = {
			isa = PBXGroup;
			children = (
				BFAA308F2BDA2D95002A1E70 /* FileListViewController.h */,
				BFAA30902BDA2D95002A1E70 /* FileListViewController.m */,
				BFA0E8CE2BDB95D80012F66C /* FileListViewController+NSTableViewDelegate.h */,
				BFA0E8CF2BDB95D80012F66C /* FileListViewController+NSTableViewDelegate.m */,
				BFA0E8D32BDB999F0012F66C /* FileListViewController+NSTableViewDataSource.h */,
				BFA0E8D42BDB99B00012F66C /* FileListViewController+NSTableViewDataSource.m */,
				BFAA30922BDA499F002A1E70 /* FileViewData.h */,
				BFAA30932BDA499F002A1E70 /* FileViewData.m */,
				BFAA30952BDA5F00002A1E70 /* TextCellView.h */,
				BFAA30962BDA5F00002A1E70 /* TextCellView.m */,
			);
			path = FileList;
			sourceTree = "<group>";
		};
		BFAA30612BD9A7BD002A1E70 = {
			isa = PBXGroup;
			children = (
				BFAA306C2BD9A7BD002A1E70 /* objc-total-commander */,
				BFAA306B2BD9A7BD002A1E70 /* Products */,
			);
			sourceTree = "<group>";
		};
		BFAA306B2BD9A7BD002A1E70 /* Products */ = {
			isa = PBXGroup;
			children = (
				BFAA306A2BD9A7BD002A1E70 /* objc-total-commander.app */,
			);
			name = Products;
			sourceTree = "<group>";
		};
		BFAA306C2BD9A7BD002A1E70 /* objc-total-commander */ = {
			isa = PBXGroup;
			children = (
				BFAA30832BD9A91C002A1E70 /* TotalCommander */,
				BFAA306D2BD9A7BD002A1E70 /* AppDelegate.h */,
				BFAA306E2BD9A7BD002A1E70 /* AppDelegate.m */,
				BFAA30702BD9A7BD002A1E70 /* ViewController.h */,
				BFAA30712BD9A7BD002A1E70 /* ViewController.m */,
				BFAA30732BD9A7C0002A1E70 /* Assets.xcassets */,
				BFAA30752BD9A7C0002A1E70 /* Main.storyboard */,
				BFAA30782BD9A7C0002A1E70 /* main.m */,
				BFAA307A2BD9A7C0002A1E70 /* objc_total_commander.entitlements */,
			);
			path = "objc-total-commander";
			sourceTree = "<group>";
		};
		BFAA30832BD9A91C002A1E70 /* TotalCommander */ = {
			isa = PBXGroup;
			children = (
				BFA0E8CD2BDB95350012F66C /* FileList */,
				BFAA30872BDA2719002A1E70 /* PanelViewController.h */,
				BFAA30882BDA2719002A1E70 /* PanelViewController.m */,
				BFAA30802BD9A90A002A1E70 /* TotalCommanderViewController.h */,
				BFAA30812BD9A90A002A1E70 /* TotalCommanderViewController.m */,
			);
			path = TotalCommander;
			sourceTree = "<group>";
		};
/* End PBXGroup section */

/* Begin PBXNativeTarget section */
		BFAA30692BD9A7BD002A1E70 /* objc-total-commander */ = {
			isa = PBXNativeTarget;
			buildConfigurationList = BFAA307D2BD9A7C0002A1E70 /* Build configuration list for PBXNativeTarget "objc-total-commander" */;
			buildPhases = (
				BFAA30662BD9A7BD002A1E70 /* Sources */,
				BFAA30672BD9A7BD002A1E70 /* Frameworks */,
				BFAA30682BD9A7BD002A1E70 /* Resources */,
			);
			buildRules = (
			);
			dependencies = (
			);
			name = "objc-total-commander";
			productName = "objc-total-commander";
			productReference = BFAA306A2BD9A7BD002A1E70 /* objc-total-commander.app */;
			productType = "com.apple.product-type.application";
		};
/* End PBXNativeTarget section */

/* Begin PBXProject section */
		BFAA30622BD9A7BD002A1E70 /* Project object */ = {
			isa = PBXProject;
			attributes = {
				BuildIndependentTargetsInParallel = 1;
				LastUpgradeCheck = 1530;
				TargetAttributes = {
					BFAA30692BD9A7BD002A1E70 = {
						CreatedOnToolsVersion = 15.3;
					};
				};
			};
			buildConfigurationList = BFAA30652BD9A7BD002A1E70 /* Build configuration list for PBXProject "objc-total-commander" */;
			compatibilityVersion = "Xcode 14.0";
			developmentRegion = en;
			hasScannedForEncodings = 0;
			knownRegions = (
				en,
				Base,
			);
			mainGroup = BFAA30612BD9A7BD002A1E70;
			productRefGroup = BFAA306B2BD9A7BD002A1E70 /* Products */;
			projectDirPath = "";
			projectRoot = "";
			targets = (
				BFAA30692BD9A7BD002A1E70 /* objc-total-commander */,
			);
		};
/* End PBXProject section */

/* Begin PBXResourcesBuildPhase section */
		BFAA30682BD9A7BD002A1E70 /* Resources */ = {
			isa = PBXResourcesBuildPhase;
			buildActionMask = 2147483647;
			files = (
				BFAA30742BD9A7C0002A1E70 /* Assets.xcassets in Resources */,
				BFAA30772BD9A7C0002A1E70 /* Base in Resources */,
			);
			runOnlyForDeploymentPostprocessing = 0;
		};
/* End PBXResourcesBuildPhase section */

/* Begin PBXSourcesBuildPhase section */
		BFAA30662BD9A7BD002A1E70 /* Sources */ = {
			isa = PBXSourcesBuildPhase;
			buildActionMask = 2147483647;
			files = (
				BFAA30722BD9A7BD002A1E70 /* ViewController.m in Sources */,
				BFAA30792BD9A7C0002A1E70 /* main.m in Sources */,
				BFAA30912BDA2D95002A1E70 /* FileListViewController.m in Sources */,
				BFAA30892BDA2719002A1E70 /* PanelViewController.m in Sources */,
				BFAA30972BDA5F00002A1E70 /* TextCellView.m in Sources */,
				BFAA30822BD9A90A002A1E70 /* TotalCommanderViewController.m in Sources */,
				BFA0E8D52BDB99B00012F66C /* FileListViewController+NSTableViewDataSource.m in Sources */,
				BFAA30942BDA499F002A1E70 /* FileViewData.m in Sources */,
				BFA0E8D22BDB95D80012F66C /* FileListViewController+NSTableViewDelegate.m in Sources */,
				BFAA306F2BD9A7BD002A1E70 /* AppDelegate.m in Sources */,
			);
			runOnlyForDeploymentPostprocessing = 0;
		};
/* End PBXSourcesBuildPhase section */

/* Begin PBXVariantGroup section */
		BFAA30752BD9A7C0002A1E70 /* Main.storyboard */ = {
			isa = PBXVariantGroup;
			children = (
				BFAA30762BD9A7C0002A1E70 /* Base */,
			);
			name = Main.storyboard;
			sourceTree = "<group>";
		};
/* End PBXVariantGroup section */

/* Begin XCBuildConfiguration section */
		BFAA307B2BD9A7C0002A1E70 /* Debug */ = {
			isa = XCBuildConfiguration;
			buildSettings = {
				ALWAYS_SEARCH_USER_PATHS = NO;
				ASSETCATALOG_COMPILER_GENERATE_SWIFT_ASSET_SYMBOL_EXTENSIONS = YES;
				CLANG_ANALYZER_NONNULL = YES;
				CLANG_ANALYZER_NUMBER_OBJECT_CONVERSION = YES_AGGRESSIVE;
				CLANG_CXX_LANGUAGE_STANDARD = "gnu++20";
				CLANG_ENABLE_MODULES = YES;
				CLANG_ENABLE_OBJC_ARC = YES;
				CLANG_ENABLE_OBJC_WEAK = YES;
				CLANG_WARN_BLOCK_CAPTURE_AUTORELEASING = YES;
				CLANG_WARN_BOOL_CONVERSION = YES;
				CLANG_WARN_COMMA = YES;
				CLANG_WARN_CONSTANT_CONVERSION = YES;
				CLANG_WARN_DEPRECATED_OBJC_IMPLEMENTATIONS = YES;
				CLANG_WARN_DIRECT_OBJC_ISA_USAGE = YES_ERROR;
				CLANG_WARN_DOCUMENTATION_COMMENTS = YES;
				CLANG_WARN_EMPTY_BODY = YES;
				CLANG_WARN_ENUM_CONVERSION = YES;
				CLANG_WARN_INFINITE_RECURSION = YES;
				CLANG_WARN_INT_CONVERSION = YES;
				CLANG_WARN_NON_LITERAL_NULL_CONVERSION = YES;
				CLANG_WARN_OBJC_IMPLICIT_RETAIN_SELF = YES;
				CLANG_WARN_OBJC_LITERAL_CONVERSION = YES;
				CLANG_WARN_OBJC_ROOT_CLASS = YES_ERROR;
				CLANG_WARN_QUOTED_INCLUDE_IN_FRAMEWORK_HEADER = YES;
				CLANG_WARN_RANGE_LOOP_ANALYSIS = YES;
				CLANG_WARN_STRICT_PROTOTYPES = YES;
				CLANG_WARN_SUSPICIOUS_MOVE = YES;
				CLANG_WARN_UNGUARDED_AVAILABILITY = YES_AGGRESSIVE;
				CLANG_WARN_UNREACHABLE_CODE = YES;
				CLANG_WARN__DUPLICATE_METHOD_MATCH = YES;
				COPY_PHASE_STRIP = NO;
				DEBUG_INFORMATION_FORMAT = dwarf;
				ENABLE_STRICT_OBJC_MSGSEND = YES;
				ENABLE_TESTABILITY = YES;
				ENABLE_USER_SCRIPT_SANDBOXING = YES;
				GCC_C_LANGUAGE_STANDARD = gnu17;
				GCC_DYNAMIC_NO_PIC = NO;
				GCC_NO_COMMON_BLOCKS = YES;
				GCC_OPTIMIZATION_LEVEL = 0;
				GCC_PREPROCESSOR_DEFINITIONS = (
					"DEBUG=1",
					"$(inherited)",
				);
				GCC_WARN_64_TO_32_BIT_CONVERSION = YES;
				GCC_WARN_ABOUT_RETURN_TYPE = YES_ERROR;
				GCC_WARN_UNDECLARED_SELECTOR = YES;
				GCC_WARN_UNINITIALIZED_AUTOS = YES_AGGRESSIVE;
				GCC_WARN_UNUSED_FUNCTION = YES;
				GCC_WARN_UNUSED_VARIABLE = YES;
				LOCALIZATION_PREFERS_STRING_CATALOGS = YES;
				MACOSX_DEPLOYMENT_TARGET = 14.4;
				MTL_ENABLE_DEBUG_INFO = INCLUDE_SOURCE;
				MTL_FAST_MATH = YES;
				ONLY_ACTIVE_ARCH = YES;
				SDKROOT = macosx;
			};
			name = Debug;
		};
		BFAA307C2BD9A7C0002A1E70 /* Release */ = {
			isa = XCBuildConfiguration;
			buildSettings = {
				ALWAYS_SEARCH_USER_PATHS = NO;
				ASSETCATALOG_COMPILER_GENERATE_SWIFT_ASSET_SYMBOL_EXTENSIONS = YES;
				CLANG_ANALYZER_NONNULL = YES;
				CLANG_ANALYZER_NUMBER_OBJECT_CONVERSION = YES_AGGRESSIVE;
				CLANG_CXX_LANGUAGE_STANDARD = "gnu++20";
				CLANG_ENABLE_MODULES = YES;
				CLANG_ENABLE_OBJC_ARC = YES;
				CLANG_ENABLE_OBJC_WEAK = YES;
				CLANG_WARN_BLOCK_CAPTURE_AUTORELEASING = YES;
				CLANG_WARN_BOOL_CONVERSION = YES;
				CLANG_WARN_COMMA = YES;
				CLANG_WARN_CONSTANT_CONVERSION = YES;
				CLANG_WARN_DEPRECATED_OBJC_IMPLEMENTATIONS = YES;
				CLANG_WARN_DIRECT_OBJC_ISA_USAGE = YES_ERROR;
				CLANG_WARN_DOCUMENTATION_COMMENTS = YES;
				CLANG_WARN_EMPTY_BODY = YES;
				CLANG_WARN_ENUM_CONVERSION = YES;
				CLANG_WARN_INFINITE_RECURSION = YES;
				CLANG_WARN_INT_CONVERSION = YES;
				CLANG_WARN_NON_LITERAL_NULL_CONVERSION = YES;
				CLANG_WARN_OBJC_IMPLICIT_RETAIN_SELF = YES;
				CLANG_WARN_OBJC_LITERAL_CONVERSION = YES;
				CLANG_WARN_OBJC_ROOT_CLASS = YES_ERROR;
				CLANG_WARN_QUOTED_INCLUDE_IN_FRAMEWORK_HEADER = YES;
				CLANG_WARN_RANGE_LOOP_ANALYSIS = YES;
				CLANG_WARN_STRICT_PROTOTYPES = YES;
				CLANG_WARN_SUSPICIOUS_MOVE = YES;
				CLANG_WARN_UNGUARDED_AVAILABILITY = YES_AGGRESSIVE;
				CLANG_WARN_UNREACHABLE_CODE = YES;
				CLANG_WARN__DUPLICATE_METHOD_MATCH = YES;
				COPY_PHASE_STRIP = NO;
				DEBUG_INFORMATION_FORMAT = "dwarf-with-dsym";
				ENABLE_NS_ASSERTIONS = NO;
				ENABLE_STRICT_OBJC_MSGSEND = YES;
				ENABLE_USER_SCRIPT_SANDBOXING = YES;
				GCC_C_LANGUAGE_STANDARD = gnu17;
				GCC_NO_COMMON_BLOCKS = YES;
				GCC_WARN_64_TO_32_BIT_CONVERSION = YES;
				GCC_WARN_ABOUT_RETURN_TYPE = YES_ERROR;
				GCC_WARN_UNDECLARED_SELECTOR = YES;
				GCC_WARN_UNINITIALIZED_AUTOS = YES_AGGRESSIVE;
				GCC_WARN_UNUSED_FUNCTION = YES;
				GCC_WARN_UNUSED_VARIABLE = YES;
				LOCALIZATION_PREFERS_STRING_CATALOGS = YES;
				MACOSX_DEPLOYMENT_TARGET = 14.4;
				MTL_ENABLE_DEBUG_INFO = NO;
				MTL_FAST_MATH = YES;
				SDKROOT = macosx;
			};
			name = Release;
		};
		BFAA307E2BD9A7C0002A1E70 /* Debug */ = {
			isa = XCBuildConfiguration;
			buildSettings = {
				ASSETCATALOG_COMPILER_APPICON_NAME = AppIcon;
				ASSETCATALOG_COMPILER_GLOBAL_ACCENT_COLOR_NAME = AccentColor;
				CODE_SIGN_ENTITLEMENTS = "objc-total-commander/objc_total_commander.entitlements";
				CODE_SIGN_STYLE = Automatic;
				COMBINE_HIDPI_IMAGES = YES;
				CURRENT_PROJECT_VERSION = 1;
				DEVELOPMENT_TEAM = 5NJ6RQ9QCA;
				ENABLE_HARDENED_RUNTIME = YES;
				GENERATE_INFOPLIST_FILE = YES;
				INFOPLIST_KEY_NSHumanReadableCopyright = "";
				INFOPLIST_KEY_NSMainStoryboardFile = Main;
				INFOPLIST_KEY_NSPrincipalClass = NSApplication;
				LD_RUNPATH_SEARCH_PATHS = (
					"$(inherited)",
					"@executable_path/../Frameworks",
				);
				MARKETING_VERSION = 1.0;
				PRODUCT_BUNDLE_IDENTIFIER = "com.kartoffelsoft.objc-total-commander";
				PRODUCT_NAME = "$(TARGET_NAME)";
				SWIFT_EMIT_LOC_STRINGS = YES;
			};
			name = Debug;
		};
		BFAA307F2BD9A7C0002A1E70 /* Release */ = {
			isa = XCBuildConfiguration;
			buildSettings = {
				ASSETCATALOG_COMPILER_APPICON_NAME = AppIcon;
				ASSETCATALOG_COMPILER_GLOBAL_ACCENT_COLOR_NAME = AccentColor;
				CODE_SIGN_ENTITLEMENTS = "objc-total-commander/objc_total_commander.entitlements";
				CODE_SIGN_STYLE = Automatic;
				COMBINE_HIDPI_IMAGES = YES;
				CURRENT_PROJECT_VERSION = 1;
				DEVELOPMENT_TEAM = 5NJ6RQ9QCA;
				ENABLE_HARDENED_RUNTIME = YES;
				GENERATE_INFOPLIST_FILE = YES;
				INFOPLIST_KEY_NSHumanReadableCopyright = "";
				INFOPLIST_KEY_NSMainStoryboardFile = Main;
				INFOPLIST_KEY_NSPrincipalClass = NSApplication;
				LD_RUNPATH_SEARCH_PATHS = (
					"$(inherited)",
					"@executable_path/../Frameworks",
				);
				MARKETING_VERSION = 1.0;
				PRODUCT_BUNDLE_IDENTIFIER = "com.kartoffelsoft.objc-total-commander";
				PRODUCT_NAME = "$(TARGET_NAME)";
				SWIFT_EMIT_LOC_STRINGS = YES;
			};
			name = Release;
		};
/* End XCBuildConfiguration section */

/* Begin XCConfigurationList section */
		BFAA30652BD9A7BD002A1E70 /* Build configuration list for PBXProject "objc-total-commander" */ = {
			isa = XCConfigurationList;
			buildConfigurations = (
				BFAA307B2BD9A7C0002A1E70 /* Debug */,
				BFAA307C2BD9A7C0002A1E70 /* Release */,
			);
			defaultConfigurationIsVisible = 0;
			defaultConfigurationName = Release;
		};
		BFAA307D2BD9A7C0002A1E70 /* Build configuration list for PBXNativeTarget "objc-total-commander" */ = {
			isa = XCConfigurationList;
			buildConfigurations = (
				BFAA307E2BD9A7C0002A1E70 /* Debug */,
				BFAA307F2BD9A7C0002A1E70 /* Release */,
			);
			defaultConfigurationIsVisible = 0;
			defaultConfigurationName = Release;
		};
/* End XCConfigurationList section */
	};
	rootObject = BFAA30622BD9A7BD002A1E70 /* Project object */;
}
